
Microsoft Visual Studio Solution File, Format Version 12.00
# Visual Studio Version 17
VisualStudioVersion = 17.7.34031.279
MinimumVisualStudioVersion = 10.0.40219.1
Project("{FAE04EC0-301F-11D3-BF4B-00C04F79EFBC}") = "MqttPublisher", "MqttPublisher.csproj", "{DB974B19-B77D-45C9-9011-18E9601266D6}"
EndProject
Project("{FAE04EC0-301F-11D3-BF4B-00C04F79EFBC}") = "MqttSubscriber", "..\MqttSubscriber\MqttSubscriber.csproj", "{9EDF172E-A0A2-47A4-A8A3-C353FBDA8B69}"
EndProject
Global
	GlobalSection(SolutionConfigurationPlatforms) = preSolution
		Debug|Any CPU = Debug|Any CPU
		Release|Any CPU = Release|Any CPU
	EndGlobalSection
	GlobalSection(ProjectConfigurationPlatforms) = postSolution
		{DB974B19-B77D-45C9-9011-18E9601266D6}.Debug|Any CPU.ActiveCfg = Debug|Any CPU
		{DB974B19-B77D-45C9-9011-18E9601266D6}.Debug|Any CPU.Build.0 = Debug|Any CPU
		{DB974B19-B77D-45C9-9011-18E9601266D6}.Release|Any CPU.ActiveCfg = Release|Any CPU
		{DB974B19-B77D-45C9-9011-18E9601266D6}.Release|Any CPU.Build.0 = Release|Any CPU
		{9EDF172E-A0A2-47A4-A8A3-C353FBDA8B69}.Debug|Any CPU.ActiveCfg = Debug|Any CPU
		{9EDF172E-A0A2-47A4-A8A3-C353FBDA8B69}.Debug|Any CPU.Build.0 = Debug|Any CPU
		{9EDF172E-A0A2-47A4-A8A3-C353FBDA8B69}.Release|Any CPU.ActiveCfg = Release|Any CPU
		{9EDF172E-A0A2-47A4-A8A3-C353FBDA8B69}.Release|Any CPU.Build.0 = Release|Any CPU
	EndGlobalSection
	GlobalSection(SolutionProperties) = preSolution
		HideSolutionNode = FALSE
	EndGlobalSection
	GlobalSection(ExtensibilityGlobals) = postSolution
		SolutionGuid = {B824F347-672D-4BB2-AA60-A8AEE355B076}
	EndGlobalSection
EndGlobal
